
Microsoft Visual Studio Solution File, Format Version 12.00
# Visual Studio Version 17
VisualStudioVersion = 17.4.33205.214
MinimumVisualStudioVersion = 10.0.40219.1
Project("{FAE04EC0-301F-11D3-BF4B-00C04F79EFBC}") = "ATM Game", "ATM Game.csproj", "{4FC5BE47-5007-429B-88A9-3162BC55AF5B}"
EndProject
Global
	GlobalSection(SolutionConfigurationPlatforms) = preSolution
		Debug|Any CPU = Debug|Any CPU
		Release|Any CPU = Release|Any CPU
	EndGlobalSection
	GlobalSection(ProjectConfigurationPlatforms) = postSolution
		{4FC5BE47-5007-429B-88A9-3162BC55AF5B}.Debug|Any CPU.ActiveCfg = Debug|Any CPU
		{4FC5BE47-5007-429B-88A9-3162BC55AF5B}.Debug|Any CPU.Build.0 = Debug|Any CPU
		{4FC5BE47-5007-429B-88A9-3162BC55AF5B}.Release|Any CPU.ActiveCfg = Release|Any CPU
		{4FC5BE47-5007-429B-88A9-3162BC55AF5B}.Release|Any CPU.Build.0 = Release|Any CPU
	EndGlobalSection
	GlobalSection(SolutionProperties) = preSolution
		HideSolutionNode = FALSE
	EndGlobalSection
	GlobalSection(ExtensibilityGlobals) = postSolution
		SolutionGuid = {CECAAE88-12CF-487D-99A6-EBFC0137481D}
	EndGlobalSection
EndGlobal
